// !$*UTF8*$!
{
	archiveVersion = 1;
	classes = {
	};
	objectVersion = 51;
	objects = {

/* Begin PBXBuildFile section */
		47F809BBE392CB4742C69703 /* LaunchScreen.storyboard in Resources */ = {isa = PBXBuildFile; fileRef = 8FB0D8C5EC41D98DA55F2897 /* LaunchScreen.storyboard */; };
		56AA27036BD8E62559657B86 /* AppDelegate.swift in Sources */ = {isa = PBXBuildFile; fileRef = CCDA23258FB20FE394701F04 /* AppDelegate.swift */; };
		596B0E7C6E75721A1ABC2872 /* Localizable.strings in Resources */ = {isa = PBXBuildFile; fileRef = A4E63A87E8F517A41BE30731 /* Localizable.strings */; };
		708744A03035236721A802EF /* Assets.xcassets in Resources */ = {isa = PBXBuildFile; fileRef = 1BCEB2822BF18DB08EC8AA3E /* Assets.xcassets */; };
		83A81DDA055CA740944E1F47 /* GoogleService-Info.plist in Resources */ = {isa = PBXBuildFile; fileRef = 837F4F94D899C0FF00766061 /* GoogleService-Info.plist */; };
		AA199E5F25F4F8BB00523BD1 /* NavigationController.swift in Sources */ = {isa = PBXBuildFile; fileRef = AA199E5E25F4F8BB00523BD1 /* NavigationController.swift */; };
		AA199E6225F4FF9300523BD1 /* BaseViewController.swift in Sources */ = {isa = PBXBuildFile; fileRef = AA199E6125F4FF9300523BD1 /* BaseViewController.swift */; };
		AA199E7825F7AEBD00523BD1 /* ViewController.swift in Sources */ = {isa = PBXBuildFile; fileRef = AA199E7725F7AEBD00523BD1 /* ViewController.swift */; };
		AA199E7C25F7B5E300523BD1 /* HomeViewController.swift in Sources */ = {isa = PBXBuildFile; fileRef = AA199E7B25F7B5E300523BD1 /* HomeViewController.swift */; };
		AA4FA80D298D67EA68B2F273 /* libPods-Demo.a in Frameworks */ = {isa = PBXBuildFile; fileRef = 3C5D88D2433D397EDD105F88 /* libPods-Demo.a */; };
		AA59079925F8F9F800B1A74E /* DetailsViewController.swift in Sources */ = {isa = PBXBuildFile; fileRef = AA59079825F8F9F800B1A74E /* DetailsViewController.swift */; };
/* End PBXBuildFile section */

/* Begin PBXFileReference section */
		1BCEB2822BF18DB08EC8AA3E /* Assets.xcassets */ = {isa = PBXFileReference; lastKnownFileType = folder.assetcatalog; path = Assets.xcassets; sourceTree = "<group>"; };
		1D18C5756A1E8411EF33518A /* Pods-Demo.debug.xcconfig */ = {isa = PBXFileReference; includeInIndex = 1; lastKnownFileType = text.xcconfig; name = "Pods-Demo.debug.xcconfig"; path = "Target Support Files/Pods-Demo/Pods-Demo.debug.xcconfig"; sourceTree = "<group>"; };
		2FFDA352BDDF9CE5BB6FCC68 /* Pods-Demo.inhouse.xcconfig */ = {isa = PBXFileReference; includeInIndex = 1; lastKnownFileType = text.xcconfig; name = "Pods-Demo.inhouse.xcconfig"; path = "Target Support Files/Pods-Demo/Pods-Demo.inhouse.xcconfig"; sourceTree = "<group>"; };
		3C5D88D2433D397EDD105F88 /* libPods-Demo.a */ = {isa = PBXFileReference; explicitFileType = archive.ar; includeInIndex = 0; path = "libPods-Demo.a"; sourceTree = BUILT_PRODUCTS_DIR; };
		5DB90D33E5E5E0F38119878F /* Pods-Demo.production.xcconfig */ = {isa = PBXFileReference; includeInIndex = 1; lastKnownFileType = text.xcconfig; name = "Pods-Demo.production.xcconfig"; path = "Target Support Files/Pods-Demo/Pods-Demo.production.xcconfig"; sourceTree = "<group>"; };
		6D123C10B63B9B614B7D3458 /* en */ = {isa = PBXFileReference; lastKnownFileType = text.plist.strings; name = en; path = en.lproj/Localizable.strings; sourceTree = "<group>"; };
		837F4F94D899C0FF00766061 /* GoogleService-Info.plist */ = {isa = PBXFileReference; lastKnownFileType = text.plist; path = "GoogleService-Info.plist"; sourceTree = "<group>"; };
		8FB0D8C5EC41D98DA55F2897 /* LaunchScreen.storyboard */ = {isa = PBXFileReference; lastKnownFileType = file.storyboard; path = LaunchScreen.storyboard; sourceTree = "<group>"; };
		AA199E5E25F4F8BB00523BD1 /* NavigationController.swift */ = {isa = PBXFileReference; lastKnownFileType = sourcecode.swift; path = NavigationController.swift; sourceTree = "<group>"; };
		AA199E6125F4FF9300523BD1 /* BaseViewController.swift */ = {isa = PBXFileReference; lastKnownFileType = sourcecode.swift; path = BaseViewController.swift; sourceTree = "<group>"; };
		AA199E7725F7AEBD00523BD1 /* ViewController.swift */ = {isa = PBXFileReference; lastKnownFileType = sourcecode.swift; path = ViewController.swift; sourceTree = "<group>"; };
		AA199E7B25F7B5E300523BD1 /* HomeViewController.swift */ = {isa = PBXFileReference; fileEncoding = 4; lastKnownFileType = sourcecode.swift; path = HomeViewController.swift; sourceTree = "<group>"; };
		AA59079825F8F9F800B1A74E /* DetailsViewController.swift */ = {isa = PBXFileReference; lastKnownFileType = sourcecode.swift; path = DetailsViewController.swift; sourceTree = "<group>"; };
		CCDA23258FB20FE394701F04 /* AppDelegate.swift */ = {isa = PBXFileReference; lastKnownFileType = sourcecode.swift; path = AppDelegate.swift; sourceTree = "<group>"; };
		E158E1D8DDD5F3DC89B171A3 /* Demo.app */ = {isa = PBXFileReference; includeInIndex = 0; lastKnownFileType = wrapper.application; path = Demo.app; sourceTree = BUILT_PRODUCTS_DIR; };
		E998DC1799A07D31E3B448F3 /* Info.plist */ = {isa = PBXFileReference; lastKnownFileType = text.plist; path = Info.plist; sourceTree = "<group>"; };
/* End PBXFileReference section */

/* Begin PBXFrameworksBuildPhase section */
		5346C0CFDA835C87FAD60BD8 /* Frameworks */ = {
			isa = PBXFrameworksBuildPhase;
			buildActionMask = 2147483647;
			files = (
				AA4FA80D298D67EA68B2F273 /* libPods-Demo.a in Frameworks */,
			);
			runOnlyForDeploymentPostprocessing = 0;
		};
/* End PBXFrameworksBuildPhase section */

/* Begin PBXGroup section */
		54DAD367C319EF96604DFC78 /* Frameworks */ = {
			isa = PBXGroup;
			children = (
				3C5D88D2433D397EDD105F88 /* libPods-Demo.a */,
			);
			name = Frameworks;
			sourceTree = "<group>";
		};
		55399919E1E25A9B0F7F73F2 /* Pods */ = {
			isa = PBXGroup;
			children = (
				1D18C5756A1E8411EF33518A /* Pods-Demo.debug.xcconfig */,
				2FFDA352BDDF9CE5BB6FCC68 /* Pods-Demo.inhouse.xcconfig */,
				5DB90D33E5E5E0F38119878F /* Pods-Demo.production.xcconfig */,
			);
			path = Pods;
			sourceTree = "<group>";
		};
		5FDE2A539C7A85D32BC5C033 /* Localization */ = {
			isa = PBXGroup;
			children = (
				A4E63A87E8F517A41BE30731 /* Localizable.strings */,
			);
			path = Localization;
			sourceTree = "<group>";
		};
		87709CEA0FFEF1DDBC35FB50 /* Source */ = {
			isa = PBXGroup;
			children = (
				AA199E7A25F7B5E300523BD1 /* Controllers */,
				CCDA23258FB20FE394701F04 /* AppDelegate.swift */,
				AA199E5E25F4F8BB00523BD1 /* NavigationController.swift */,
				AA199E6125F4FF9300523BD1 /* BaseViewController.swift */,
				AA199E7725F7AEBD00523BD1 /* ViewController.swift */,
			);
			path = Source;
			sourceTree = "<group>";
		};
		89EED0D913153940931D2FE8 /* Products */ = {
			isa = PBXGroup;
			children = (
				E158E1D8DDD5F3DC89B171A3 /* Demo.app */,
			);
			name = Products;
			sourceTree = "<group>";
		};
		AA199E7A25F7B5E300523BD1 /* Controllers */ = {
			isa = PBXGroup;
			children = (
				AA199E7B25F7B5E300523BD1 /* HomeViewController.swift */,
				AA59079825F8F9F800B1A74E /* DetailsViewController.swift */,
			);
			path = Controllers;
			sourceTree = "<group>";
		};
		E3B4D1D5BF2C08ECE550C978 /* Demo */ = {
			isa = PBXGroup;
			children = (
				FF0138FA7BDF03489C12158E /* Resources */,
				87709CEA0FFEF1DDBC35FB50 /* Source */,
			);
			path = Demo;
			sourceTree = "<group>";
		};
		E5BB6DC2E977B912CC1AF702 = {
			isa = PBXGroup;
			children = (
				E3B4D1D5BF2C08ECE550C978 /* Demo */,
				89EED0D913153940931D2FE8 /* Products */,
				55399919E1E25A9B0F7F73F2 /* Pods */,
				54DAD367C319EF96604DFC78 /* Frameworks */,
			);
			indentWidth = 2;
			sourceTree = "<group>";
			tabWidth = 2;
		};
		FF0138FA7BDF03489C12158E /* Resources */ = {
			isa = PBXGroup;
			children = (
				1BCEB2822BF18DB08EC8AA3E /* Assets.xcassets */,
				837F4F94D899C0FF00766061 /* GoogleService-Info.plist */,
				E998DC1799A07D31E3B448F3 /* Info.plist */,
				8FB0D8C5EC41D98DA55F2897 /* LaunchScreen.storyboard */,
				5FDE2A539C7A85D32BC5C033 /* Localization */,
			);
			path = Resources;
			sourceTree = "<group>";
		};
/* End PBXGroup section */

/* Begin PBXNativeTarget section */
		22478BC664898A9B8DD4D258 /* Demo */ = {
			isa = PBXNativeTarget;
			buildConfigurationList = 67F59FA59F734371A2570797 /* Build configuration list for PBXNativeTarget "Demo" */;
			buildPhases = (
				C8F58066C9FBDFEFE46F14B9 /* [CP] Check Pods Manifest.lock */,
				A1DCA12CEE65932D9EECDBA4 /* Sources */,
				8FD56D2DF89AB77E7A1E07F0 /* Resources */,
				5346C0CFDA835C87FAD60BD8 /* Frameworks */,
			);
			buildRules = (
			);
			dependencies = (
			);
			name = Demo;
			productName = Demo;
			productReference = E158E1D8DDD5F3DC89B171A3 /* Demo.app */;
			productType = "com.apple.product-type.application";
		};
/* End PBXNativeTarget section */

/* Begin PBXProject section */
		5533C1BE5094A04FCE853B33 /* Project object */ = {
			isa = PBXProject;
			attributes = {
				LastUpgradeCheck = "~> 1230";
				ORGANIZATIONNAME = NetcoSports;
				TargetAttributes = {
					22478BC664898A9B8DD4D258 = {
						DevelopmentTeam = JPS45PPV79;
						ProvisioningStyle = Automatic;
					};
				};
			};
			buildConfigurationList = 388F02421550F69BF7947B85 /* Build configuration list for PBXProject "Demo" */;
			compatibilityVersion = "Xcode 10.0";
			developmentRegion = en;
			hasScannedForEncodings = 0;
			knownRegions = (
				Base,
				en,
			);
			mainGroup = E5BB6DC2E977B912CC1AF702;
			productRefGroup = 89EED0D913153940931D2FE8 /* Products */;
			projectDirPath = "";
			projectRoot = "";
			targets = (
				22478BC664898A9B8DD4D258 /* Demo */,
			);
		};
/* End PBXProject section */

/* Begin PBXResourcesBuildPhase section */
		8FD56D2DF89AB77E7A1E07F0 /* Resources */ = {
			isa = PBXResourcesBuildPhase;
			buildActionMask = 2147483647;
			files = (
				708744A03035236721A802EF /* Assets.xcassets in Resources */,
				83A81DDA055CA740944E1F47 /* GoogleService-Info.plist in Resources */,
				47F809BBE392CB4742C69703 /* LaunchScreen.storyboard in Resources */,
				596B0E7C6E75721A1ABC2872 /* Localizable.strings in Resources */,
			);
			runOnlyForDeploymentPostprocessing = 0;
		};
/* End PBXResourcesBuildPhase section */

/* Begin PBXShellScriptBuildPhase section */
		C8F58066C9FBDFEFE46F14B9 /* [CP] Check Pods Manifest.lock */ = {
			isa = PBXShellScriptBuildPhase;
			buildActionMask = 2147483647;
			files = (
			);
			inputFileListPaths = (
			);
			inputPaths = (
				"${PODS_PODFILE_DIR_PATH}/Podfile.lock",
				"${PODS_ROOT}/Manifest.lock",
			);
			name = "[CP] Check Pods Manifest.lock";
			outputFileListPaths = (
			);
			outputPaths = (
				"$(DERIVED_FILE_DIR)/Pods-Demo-checkManifestLockResult.txt",
			);
			runOnlyForDeploymentPostprocessing = 0;
			shellPath = /bin/sh;
			shellScript = "diff \"${PODS_PODFILE_DIR_PATH}/Podfile.lock\" \"${PODS_ROOT}/Manifest.lock\" > /dev/null\nif [ $? != 0 ] ; then\n    # print error to STDERR\n    echo \"error: The sandbox is not in sync with the Podfile.lock. Run 'pod install' or update your CocoaPods installation.\" >&2\n    exit 1\nfi\n# This output is used by Xcode 'outputs' to avoid re-running this script phase.\necho \"SUCCESS\" > \"${SCRIPT_OUTPUT_FILE_0}\"\n";
			showEnvVarsInLog = 0;
		};
/* End PBXShellScriptBuildPhase section */

/* Begin PBXSourcesBuildPhase section */
		A1DCA12CEE65932D9EECDBA4 /* Sources */ = {
			isa = PBXSourcesBuildPhase;
			buildActionMask = 2147483647;
			files = (
				AA199E7C25F7B5E300523BD1 /* HomeViewController.swift in Sources */,
				AA199E7825F7AEBD00523BD1 /* ViewController.swift in Sources */,
				56AA27036BD8E62559657B86 /* AppDelegate.swift in Sources */,
				AA199E6225F4FF9300523BD1 /* BaseViewController.swift in Sources */,
				AA199E5F25F4F8BB00523BD1 /* NavigationController.swift in Sources */,
				AA59079925F8F9F800B1A74E /* DetailsViewController.swift in Sources */,
			);
			runOnlyForDeploymentPostprocessing = 0;
		};
/* End PBXSourcesBuildPhase section */

/* Begin PBXVariantGroup section */
		A4E63A87E8F517A41BE30731 /* Localizable.strings */ = {
			isa = PBXVariantGroup;
			children = (
				6D123C10B63B9B614B7D3458 /* en */,
			);
			name = Localizable.strings;
			sourceTree = "<group>";
		};
/* End PBXVariantGroup section */

/* Begin XCBuildConfiguration section */
		0606E5FE9F4ECFEBB026E676 /* InHouse */ = {
			isa = XCBuildConfiguration;
			buildSettings = {
				ALWAYS_SEARCH_USER_PATHS = NO;
				CLANG_ANALYZER_NONNULL = YES;
				CLANG_ANALYZER_NUMBER_OBJECT_CONVERSION = YES_AGGRESSIVE;
				CLANG_CXX_LANGUAGE_STANDARD = "gnu++14";
				CLANG_CXX_LIBRARY = "libc++";
				CLANG_ENABLE_MODULES = YES;
				CLANG_ENABLE_OBJC_ARC = YES;
				CLANG_ENABLE_OBJC_WEAK = YES;
				CLANG_WARN_BLOCK_CAPTURE_AUTORELEASING = YES;
				CLANG_WARN_BOOL_CONVERSION = YES;
				CLANG_WARN_COMMA = YES;
				CLANG_WARN_CONSTANT_CONVERSION = YES;
				CLANG_WARN_DEPRECATED_OBJC_IMPLEMENTATIONS = YES;
				CLANG_WARN_DIRECT_OBJC_ISA_USAGE = YES_ERROR;
				CLANG_WARN_DOCUMENTATION_COMMENTS = YES;
				CLANG_WARN_EMPTY_BODY = YES;
				CLANG_WARN_ENUM_CONVERSION = YES;
				CLANG_WARN_INFINITE_RECURSION = YES;
				CLANG_WARN_INT_CONVERSION = YES;
				CLANG_WARN_NON_LITERAL_NULL_CONVERSION = YES;
				CLANG_WARN_OBJC_IMPLICIT_RETAIN_SELF = YES;
				CLANG_WARN_OBJC_LITERAL_CONVERSION = YES;
				CLANG_WARN_OBJC_ROOT_CLASS = YES_ERROR;
				CLANG_WARN_QUOTED_INCLUDE_IN_FRAMEWORK_HEADER = YES;
				CLANG_WARN_RANGE_LOOP_ANALYSIS = YES;
				CLANG_WARN_STRICT_PROTOTYPES = YES;
				CLANG_WARN_SUSPICIOUS_MOVE = YES;
				CLANG_WARN_UNGUARDED_AVAILABILITY = YES_AGGRESSIVE;
				CLANG_WARN_UNREACHABLE_CODE = YES;
				CLANG_WARN__DUPLICATE_METHOD_MATCH = YES;
				COPY_PHASE_STRIP = NO;
				DEBUG_INFORMATION_FORMAT = "dwarf-with-dsym";
				ENABLE_NS_ASSERTIONS = NO;
				ENABLE_STRICT_OBJC_MSGSEND = YES;
				GCC_C_LANGUAGE_STANDARD = gnu11;
				GCC_NO_COMMON_BLOCKS = YES;
				GCC_WARN_64_TO_32_BIT_CONVERSION = YES;
				GCC_WARN_ABOUT_RETURN_TYPE = YES_ERROR;
				GCC_WARN_UNDECLARED_SELECTOR = YES;
				GCC_WARN_UNINITIALIZED_AUTOS = YES_AGGRESSIVE;
				GCC_WARN_UNUSED_FUNCTION = YES;
				GCC_WARN_UNUSED_VARIABLE = YES;
				MTL_ENABLE_DEBUG_INFO = NO;
				MTL_FAST_MATH = YES;
				PRODUCT_NAME = "$(TARGET_NAME)";
				SDKROOT = iphoneos;
				SWIFT_COMPILATION_MODE = wholemodule;
				SWIFT_OPTIMIZATION_LEVEL = "-O";
				SWIFT_VERSION = 5.0;
			};
			name = InHouse;
		};
		553BCFF4DF4A314DE3D572F3 /* Debug */ = {
			isa = XCBuildConfiguration;
			baseConfigurationReference = 1D18C5756A1E8411EF33518A /* Pods-Demo.debug.xcconfig */;
			buildSettings = {
				ALWAYS_EMBED_SWIFT_STANDARD_LIBRARIES = "$(inherited)";
				ALWAYS_SEARCH_USER_PATHS = NO;
				ASSETCATALOG_COMPILER_APPICON_NAME = AppIcon;
				CLANG_ANALYZER_LOCALIZABILITY_NONLOCALIZED = YES;
				CODE_SIGN_IDENTITY = "iPhone Developer";
				CODE_SIGN_STYLE = Automatic;
				DEVELOPMENT_TEAM = JPS45PPV79;
				ENABLE_BITCODE = NO;
				INFOPLIST_FILE = Demo/Resources/Info.plist;
				IPHONEOS_DEPLOYMENT_TARGET = 12.0;
				LD_RUNPATH_SEARCH_PATHS = (
					"$(inherited)",
					"@executable_path/Frameworks",
				);
				PRODUCT_BUNDLE_IDENTIFIER = com.demo.nocturnal;
				SDKROOT = iphoneos;
				SWIFT_VERSION = 5.3;
				TARGETED_DEVICE_FAMILY = 1;
			};
			name = Debug;
		};
		6E348EA74190A842CAAB14CD /* Production */ = {
			isa = XCBuildConfiguration;
			buildSettings = {
				ALWAYS_SEARCH_USER_PATHS = NO;
				CLANG_ANALYZER_NONNULL = YES;
				CLANG_ANALYZER_NUMBER_OBJECT_CONVERSION = YES_AGGRESSIVE;
				CLANG_CXX_LANGUAGE_STANDARD = "gnu++14";
				CLANG_CXX_LIBRARY = "libc++";
				CLANG_ENABLE_MODULES = YES;
				CLANG_ENABLE_OBJC_ARC = YES;
				CLANG_ENABLE_OBJC_WEAK = YES;
				CLANG_WARN_BLOCK_CAPTURE_AUTORELEASING = YES;
				CLANG_WARN_BOOL_CONVERSION = YES;
				CLANG_WARN_COMMA = YES;
				CLANG_WARN_CONSTANT_CONVERSION = YES;
				CLANG_WARN_DEPRECATED_OBJC_IMPLEMENTATIONS = YES;
				CLANG_WARN_DIRECT_OBJC_ISA_USAGE = YES_ERROR;
				CLANG_WARN_DOCUMENTATION_COMMENTS = YES;
				CLANG_WARN_EMPTY_BODY = YES;
				CLANG_WARN_ENUM_CONVERSION = YES;
				CLANG_WARN_INFINITE_RECURSION = YES;
				CLANG_WARN_INT_CONVERSION = YES;
				CLANG_WARN_NON_LITERAL_NULL_CONVERSION = YES;
				CLANG_WARN_OBJC_IMPLICIT_RETAIN_SELF = YES;
				CLANG_WARN_OBJC_LITERAL_CONVERSION = YES;
				CLANG_WARN_OBJC_ROOT_CLASS = YES_ERROR;
				CLANG_WARN_QUOTED_INCLUDE_IN_FRAMEWORK_HEADER = YES;
				CLANG_WARN_RANGE_LOOP_ANALYSIS = YES;
				CLANG_WARN_STRICT_PROTOTYPES = YES;
				CLANG_WARN_SUSPICIOUS_MOVE = YES;
				CLANG_WARN_UNGUARDED_AVAILABILITY = YES_AGGRESSIVE;
				CLANG_WARN_UNREACHABLE_CODE = YES;
				CLANG_WARN__DUPLICATE_METHOD_MATCH = YES;
				COPY_PHASE_STRIP = NO;
				DEBUG_INFORMATION_FORMAT = "dwarf-with-dsym";
				ENABLE_NS_ASSERTIONS = NO;
				ENABLE_STRICT_OBJC_MSGSEND = YES;
				GCC_C_LANGUAGE_STANDARD = gnu11;
				GCC_NO_COMMON_BLOCKS = YES;
				GCC_WARN_64_TO_32_BIT_CONVERSION = YES;
				GCC_WARN_ABOUT_RETURN_TYPE = YES_ERROR;
				GCC_WARN_UNDECLARED_SELECTOR = YES;
				GCC_WARN_UNINITIALIZED_AUTOS = YES_AGGRESSIVE;
				GCC_WARN_UNUSED_FUNCTION = YES;
				GCC_WARN_UNUSED_VARIABLE = YES;
				MTL_ENABLE_DEBUG_INFO = NO;
				MTL_FAST_MATH = YES;
				PRODUCT_NAME = "$(TARGET_NAME)";
				SDKROOT = iphoneos;
				SWIFT_COMPILATION_MODE = wholemodule;
				SWIFT_OPTIMIZATION_LEVEL = "-O";
				SWIFT_VERSION = 5.0;
			};
			name = Production;
		};
		76F22F9F8EFF9E558750A9FE /* Debug */ = {
			isa = XCBuildConfiguration;
			buildSettings = {
				ALWAYS_SEARCH_USER_PATHS = NO;
				CLANG_ANALYZER_NONNULL = YES;
				CLANG_ANALYZER_NUMBER_OBJECT_CONVERSION = YES_AGGRESSIVE;
				CLANG_CXX_LANGUAGE_STANDARD = "gnu++14";
				CLANG_CXX_LIBRARY = "libc++";
				CLANG_ENABLE_MODULES = YES;
				CLANG_ENABLE_OBJC_ARC = YES;
				CLANG_ENABLE_OBJC_WEAK = YES;
				CLANG_WARN_BLOCK_CAPTURE_AUTORELEASING = YES;
				CLANG_WARN_BOOL_CONVERSION = YES;
				CLANG_WARN_COMMA = YES;
				CLANG_WARN_CONSTANT_CONVERSION = YES;
				CLANG_WARN_DEPRECATED_OBJC_IMPLEMENTATIONS = YES;
				CLANG_WARN_DIRECT_OBJC_ISA_USAGE = YES_ERROR;
				CLANG_WARN_DOCUMENTATION_COMMENTS = YES;
				CLANG_WARN_EMPTY_BODY = YES;
				CLANG_WARN_ENUM_CONVERSION = YES;
				CLANG_WARN_INFINITE_RECURSION = YES;
				CLANG_WARN_INT_CONVERSION = YES;
				CLANG_WARN_NON_LITERAL_NULL_CONVERSION = YES;
				CLANG_WARN_OBJC_IMPLICIT_RETAIN_SELF = YES;
				CLANG_WARN_OBJC_LITERAL_CONVERSION = YES;
				CLANG_WARN_OBJC_ROOT_CLASS = YES_ERROR;
				CLANG_WARN_QUOTED_INCLUDE_IN_FRAMEWORK_HEADER = YES;
				CLANG_WARN_RANGE_LOOP_ANALYSIS = YES;
				CLANG_WARN_STRICT_PROTOTYPES = YES;
				CLANG_WARN_SUSPICIOUS_MOVE = YES;
				CLANG_WARN_UNGUARDED_AVAILABILITY = YES_AGGRESSIVE;
				CLANG_WARN_UNREACHABLE_CODE = YES;
				CLANG_WARN__DUPLICATE_METHOD_MATCH = YES;
				COPY_PHASE_STRIP = NO;
				DEBUG_INFORMATION_FORMAT = dwarf;
				ENABLE_STRICT_OBJC_MSGSEND = YES;
				ENABLE_TESTABILITY = YES;
				GCC_C_LANGUAGE_STANDARD = gnu11;
				GCC_DYNAMIC_NO_PIC = NO;
				GCC_NO_COMMON_BLOCKS = YES;
				GCC_OPTIMIZATION_LEVEL = 0;
				GCC_PREPROCESSOR_DEFINITIONS = (
					"$(inherited)",
					"DEBUG=1",
				);
				GCC_WARN_64_TO_32_BIT_CONVERSION = YES;
				GCC_WARN_ABOUT_RETURN_TYPE = YES_ERROR;
				GCC_WARN_UNDECLARED_SELECTOR = YES;
				GCC_WARN_UNINITIALIZED_AUTOS = YES_AGGRESSIVE;
				GCC_WARN_UNUSED_FUNCTION = YES;
				GCC_WARN_UNUSED_VARIABLE = YES;
				MTL_ENABLE_DEBUG_INFO = INCLUDE_SOURCE;
				MTL_FAST_MATH = YES;
				ONLY_ACTIVE_ARCH = YES;
				PRODUCT_NAME = "$(TARGET_NAME)";
				SDKROOT = iphoneos;
				SWIFT_ACTIVE_COMPILATION_CONDITIONS = DEBUG;
				SWIFT_OPTIMIZATION_LEVEL = "-Onone";
				SWIFT_VERSION = 5.0;
			};
			name = Debug;
		};
		A6ADC864EEF1976BA65AC441 /* Production */ = {
			isa = XCBuildConfiguration;
			baseConfigurationReference = 5DB90D33E5E5E0F38119878F /* Pods-Demo.production.xcconfig */;
			buildSettings = {
				ALWAYS_EMBED_SWIFT_STANDARD_LIBRARIES = "$(inherited)";
				ALWAYS_SEARCH_USER_PATHS = NO;
				ASSETCATALOG_COMPILER_APPICON_NAME = AppIcon;
				CLANG_ANALYZER_LOCALIZABILITY_NONLOCALIZED = YES;
				CODE_SIGN_IDENTITY = "iPhone Developer";
				CODE_SIGN_STYLE = Automatic;
				DEVELOPMENT_TEAM = JPS45PPV79;
				ENABLE_BITCODE = NO;
				INFOPLIST_FILE = Demo/Resources/Info.plist;
				IPHONEOS_DEPLOYMENT_TARGET = 12.0;
				LD_RUNPATH_SEARCH_PATHS = (
					"$(inherited)",
					"@executable_path/Frameworks",
				);
				PRODUCT_BUNDLE_IDENTIFIER = com.demo.nocturnal;
				SDKROOT = iphoneos;
				SWIFT_VERSION = 5.3;
				TARGETED_DEVICE_FAMILY = 1;
			};
			name = Production;
		};
		E75CC57A02AB0B7607A475BB /* InHouse */ = {
			isa = XCBuildConfiguration;
			baseConfigurationReference = 2FFDA352BDDF9CE5BB6FCC68 /* Pods-Demo.inhouse.xcconfig */;
			buildSettings = {
				ALWAYS_EMBED_SWIFT_STANDARD_LIBRARIES = "$(inherited)";
				ALWAYS_SEARCH_USER_PATHS = NO;
				ASSETCATALOG_COMPILER_APPICON_NAME = AppIcon;
				CLANG_ANALYZER_LOCALIZABILITY_NONLOCALIZED = YES;
				CODE_SIGN_IDENTITY = "iPhone Developer";
				CODE_SIGN_STYLE = Automatic;
				DEVELOPMENT_TEAM = JPS45PPV79;
				ENABLE_BITCODE = NO;
				INFOPLIST_FILE = Demo/Resources/Info.plist;
				IPHONEOS_DEPLOYMENT_TARGET = 12.0;
				LD_RUNPATH_SEARCH_PATHS = (
					"$(inherited)",
					"@executable_path/Frameworks",
				);
				PRODUCT_BUNDLE_IDENTIFIER = com.demo.nocturnal;
				SDKROOT = iphoneos;
				SWIFT_VERSION = 5.3;
				TARGETED_DEVICE_FAMILY = 1;
			};
			name = InHouse;
		};
/* End XCBuildConfiguration section */

/* Begin XCConfigurationList section */
		388F02421550F69BF7947B85 /* Build configuration list for PBXProject "Demo" */ = {
			isa = XCConfigurationList;
			buildConfigurations = (
				76F22F9F8EFF9E558750A9FE /* Debug */,
				0606E5FE9F4ECFEBB026E676 /* InHouse */,
				6E348EA74190A842CAAB14CD /* Production */,
			);
			defaultConfigurationIsVisible = 0;
			defaultConfigurationName = Debug;
		};
		67F59FA59F734371A2570797 /* Build configuration list for PBXNativeTarget "Demo" */ = {
			isa = XCConfigurationList;
			buildConfigurations = (
				553BCFF4DF4A314DE3D572F3 /* Debug */,
				E75CC57A02AB0B7607A475BB /* InHouse */,
				A6ADC864EEF1976BA65AC441 /* Production */,
			);
			defaultConfigurationIsVisible = 0;
			defaultConfigurationName = Debug;
		};
/* End XCConfigurationList section */
	};
	rootObject = 5533C1BE5094A04FCE853B33 /* Project object */;
}
